{
  "name": "loadprofile",
  "version": "2.0.0",
  "lockfileVersion": 2,
  "requires": true,
  "packages": {
    "": {
      "name": "loadprofile",
      "version": "2.0.0",
      "license": "MIT",
      "dependencies": {
        "rdflib": "^2.3.5",
        "solid-logic": "^4.0.2",
        "solid-ui": "^3.0.3"
      }
    },
    "node_modules/@babel/runtime": {
      "version": "7.28.6",
      "resolved": "https://registry.npmjs.org/@babel/runtime/-/runtime-7.28.6.tgz",
      "integrity": "sha512-05WQkdpL9COIMz4LjTxGpPNCdlpyimKppYNoJ5Di5EUObifl8t4tuLuUBBZEpoLYOmfvIWrsp9fCl0HoPRVTdA==",
      "license": "MIT",
      "engines": {
        "node": ">=6.9.0"
      }
    },
    "node_modules/@digitalbazaar/http-client": {
      "version": "4.3.0",
      "resolved": "https://registry.npmjs.org/@digitalbazaar/http-client/-/http-client-4.3.0.tgz",
      "integrity": "sha512-6lMpxpt9BOmqHKGs9Xm6DP4LlZTBFer/ZjHvP3FcW3IaUWYIWC7dw5RFZnvw4fP57kAVcm1dp3IF+Y50qhBvAw==",
      "license": "BSD-3-Clause",
      "dependencies": {
        "ky": "^1.14.2",
        "undici": "^6.23.0"
      },
      "engines": {
        "node": ">=18.0"
      }
    },
    "node_modules/@frogcat/ttl2jsonld": {
      "version": "0.0.10",
      "resolved": "https://registry.npmjs.org/@frogcat/ttl2jsonld/-/ttl2jsonld-0.0.10.tgz",
      "integrity": "sha512-0NLM96V3ziZkkOlhixSZiXe8CzewECVNtSj04s2hW2e65SgzQPzM12VWSovuRIy+2UJA2Bjkf9405yrty9tgcg==",
      "license": "MIT",
      "bin": {
        "ttl2jsonld": "bin/cli.js"
      }
    },
    "node_modules/@inrupt/oidc-client": {
      "version": "1.11.6",
      "resolved": "https://registry.npmjs.org/@inrupt/oidc-client/-/oidc-client-1.11.6.tgz",
      "integrity": "sha512-1rCTk1T6pdm/7gKozutZutk7jwmYBADlnkGGoI5ypke099NOCa5KFXjkQpbjsps0PRkKZ+0EaR70XN5+xqmViA==",
      "license": "Apache-2.0",
      "dependencies": {
        "acorn": "^7.4.1",
        "base64-js": "^1.5.1",
        "core-js": "^3.8.3",
        "crypto-js": "^4.0.0",
        "serialize-javascript": "^4.0.0"
      }
    },
    "node_modules/@inrupt/oidc-client-ext": {
      "version": "3.1.1",
      "resolved": "https://registry.npmjs.org/@inrupt/oidc-client-ext/-/oidc-client-ext-3.1.1.tgz",
      "integrity": "sha512-vftKD2u5nufZTFkdUDMS3Uxj5xNQwArP11OFaALFkq6/3RwCAhe3lwOv8hNzL7Scv98T+KbAErBM0TwGGrS69g==",
      "license": "MIT",
      "dependencies": {
        "@inrupt/oidc-client": "^1.11.6",
        "@inrupt/solid-client-authn-core": "^3.1.1",
        "jose": "^5.1.3",
        "uuid": "^11.1.0"
      }
    },
    "node_modules/@inrupt/solid-client-authn-browser": {
      "version": "3.1.1",
      "resolved": "https://registry.npmjs.org/@inrupt/solid-client-authn-browser/-/solid-client-authn-browser-3.1.1.tgz",
      "integrity": "sha512-Wd7TREmvdhTp+Sk88ei3hlg54sG1fNqkkPkuS+2tDBkcsXaViRQAEugVyh5pWRkd1xSFKrEzftb7UYEG4mJ0CQ==",
      "license": "MIT",
      "dependencies": {
        "@inrupt/oidc-client-ext": "^3.1.1",
        "@inrupt/solid-client-authn-core": "^3.1.1",
        "events": "^3.3.0",
        "jose": "^5.1.3",
        "uuid": "^11.1.0"
      }
    },
    "node_modules/@inrupt/solid-client-authn-core": {
      "version": "3.1.1",
      "resolved": "https://registry.npmjs.org/@inrupt/solid-client-authn-core/-/solid-client-authn-core-3.1.1.tgz",
      "integrity": "sha512-1oDSQCh/pVtPlTyvLQ2uwHo+hpLJF7izg82tjB+Ge8jqGYwkQyId0BrfncpCk//uJXxgRIcfAQp2MhXYbZo80Q==",
      "license": "MIT",
      "dependencies": {
        "events": "^3.3.0",
        "jose": "^5.1.3",
        "uuid": "^11.1.0"
      },
      "engines": {
        "node": "^20.0.0 || ^22.0.0"
      }
    },
    "node_modules/@noble/curves": {
      "version": "2.0.1",
      "resolved": "https://registry.npmjs.org/@noble/curves/-/curves-2.0.1.tgz",
      "integrity": "sha512-vs1Az2OOTBiP4q0pwjW5aF0xp9n4MxVrmkFBxc6EKZc6ddYx5gaZiAsZoq0uRRXWbi3AT/sBqn05eRPtn1JCPw==",
      "license": "MIT",
      "dependencies": {
        "@noble/hashes": "2.0.1"
      },
      "engines": {
        "node": ">= 20.19.0"
      },
      "funding": {
        "url": "https://paulmillr.com/funding/"
      }
    },
    "node_modules/@noble/hashes": {
      "version": "2.0.1",
      "resolved": "https://registry.npmjs.org/@noble/hashes/-/hashes-2.0.1.tgz",
      "integrity": "sha512-XlOlEbQcE9fmuXxrVTXCTlG2nlRXa9Rj3rr5Ue/+tX+nmkgbX720YHh0VR3hBF9xDvwnb8D2shVGOwNx+ulArw==",
      "license": "MIT",
      "engines": {
        "node": ">= 20.19.0"
      },
      "funding": {
        "url": "https://paulmillr.com/funding/"
      }
    },
    "node_modules/@rdfjs/types": {
      "version": "2.0.1",
      "resolved": "https://registry.npmjs.org/@rdfjs/types/-/types-2.0.1.tgz",
      "integrity": "sha512-uyAzpugX7KekAXAHq26m3JlUIZJOC0uSBhpnefGV5i15bevDyyejoB7I+9MKeUrzXD8OOUI3+4FeV1wwQr5ihA==",
      "license": "MIT",
      "dependencies": {
        "@types/node": "*"
      }
    },
    "node_modules/@types/node": {
      "version": "25.0.10",
      "resolved": "https://registry.npmjs.org/@types/node/-/node-25.0.10.tgz",
      "integrity": "sha512-zWW5KPngR/yvakJgGOmZ5vTBemDoSqF3AcV/LrO5u5wTWyEAVVh+IT39G4gtyAkh3CtTZs8aX/yRM82OfzHJRg==",
      "license": "MIT",
      "dependencies": {
        "undici-types": "~7.16.0"
      }
    },
    "node_modules/@xmldom/xmldom": {
      "version": "0.8.11",
      "resolved": "https://registry.npmjs.org/@xmldom/xmldom/-/xmldom-0.8.11.tgz",
      "integrity": "sha512-cQzWCtO6C8TQiYl1ruKNn2U6Ao4o4WBBcbL61yJl84x+j5sOWWFU9X7DpND8XZG3daDppSsigMdfAIl2upQBRw==",
      "license": "MIT",
      "engines": {
        "node": ">=10.0.0"
      }
    },
    "node_modules/abort-controller": {
      "version": "3.0.0",
      "resolved": "https://registry.npmjs.org/abort-controller/-/abort-controller-3.0.0.tgz",
      "integrity": "sha512-h8lQ8tacZYnR3vNQTgibj+tODHI5/+l06Au2Pcriv/Gmet0eaj4TwWH41sO9wnHDiQsEj19q0drzdWdeAHtweg==",
      "license": "MIT",
      "dependencies": {
        "event-target-shim": "^5.0.0"
      },
      "engines": {
        "node": ">=6.5"
      }
    },
    "node_modules/acorn": {
      "version": "7.4.1",
      "resolved": "https://registry.npmjs.org/acorn/-/acorn-7.4.1.tgz",
      "integrity": "sha512-nQyp0o1/mNdbTO1PO6kHkwSrmgZ0MT/jCCpNiwbUjGoRN4dlBhqJtoQuCnEOKzgTVwg0ZWiCoQy6SxMebQVh8A==",
      "license": "MIT",
      "bin": {
        "acorn": "bin/acorn"
      },
      "engines": {
        "node": ">=0.4.0"
      }
    },
    "node_modules/base64-js": {
      "version": "1.5.1",
      "resolved": "https://registry.npmjs.org/base64-js/-/base64-js-1.5.1.tgz",
      "integrity": "sha512-AKpaYlHn8t4SVbOHCy+b5+KKgvR4vrsD8vbvrbiQJps7fKDTkjkDry6ji0rUJjC0kzbNePLwzxq8iypo41qeWA==",
      "funding": [
        {
          "type": "github",
          "url": "https://github.com/sponsors/feross"
        },
        {
          "type": "patreon",
          "url": "https://www.patreon.com/feross"
        },
        {
          "type": "consulting",
          "url": "https://feross.org/support"
        }
      ],
      "license": "MIT"
    },
    "node_modules/buffer": {
      "version": "6.0.3",
      "resolved": "https://registry.npmjs.org/buffer/-/buffer-6.0.3.tgz",
      "integrity": "sha512-FTiCpNxtwiZZHEZbcbTIcZjERVICn9yq/pDFkTl95/AxzD1naBctN7YO68riM/gLSDY7sdrMby8hofADYuuqOA==",
      "funding": [
        {
          "type": "github",
          "url": "https://github.com/sponsors/feross"
        },
        {
          "type": "patreon",
          "url": "https://www.patreon.com/feross"
        },
        {
          "type": "consulting",
          "url": "https://feross.org/support"
        }
      ],
      "license": "MIT",
      "dependencies": {
        "base64-js": "^1.3.1",
        "ieee754": "^1.2.1"
      }
    },
    "node_modules/canonicalize": {
      "version": "2.1.0",
      "resolved": "https://registry.npmjs.org/canonicalize/-/canonicalize-2.1.0.tgz",
      "integrity": "sha512-F705O3xrsUtgt98j7leetNhTWPe+5S72rlL5O4jA1pKqBVQ/dT1O1D6PFxmSXvc0SUOinWS57DKx0I3CHrXJHQ==",
      "license": "Apache-2.0",
      "bin": {
        "canonicalize": "bin/canonicalize.js"
      }
    },
    "node_modules/core-js": {
      "version": "3.48.0",
      "resolved": "https://registry.npmjs.org/core-js/-/core-js-3.48.0.tgz",
      "integrity": "sha512-zpEHTy1fjTMZCKLHUZoVeylt9XrzaIN2rbPXEt0k+q7JE5CkCZdo6bNq55bn24a69CH7ErAVLKijxJja4fw+UQ==",
      "hasInstallScript": true,
      "license": "MIT",
      "funding": {
        "type": "opencollective",
        "url": "https://opencollective.com/core-js"
      }
    },
    "node_modules/cross-fetch": {
      "version": "4.1.0",
      "resolved": "https://registry.npmjs.org/cross-fetch/-/cross-fetch-4.1.0.tgz",
      "integrity": "sha512-uKm5PU+MHTootlWEY+mZ4vvXoCn4fLQxT9dSc1sXVMSFkINTJVN8cAQROpwcKm8bJ/c7rgZVIBWzH5T78sNZZw==",
      "license": "MIT",
      "dependencies": {
        "node-fetch": "^2.7.0"
      }
    },
    "node_modules/crypto-js": {
      "version": "4.2.0",
      "resolved": "https://registry.npmjs.org/crypto-js/-/crypto-js-4.2.0.tgz",
      "integrity": "sha512-KALDyEYgpY+Rlob/iriUtjV6d5Eq+Y191A5g4UqLAi8CyGP9N1+FdVbkc1SxKc2r4YAYqG8JzO2KGL+AizD70Q==",
      "license": "MIT"
    },
    "node_modules/escape-html": {
      "version": "1.0.3",
      "resolved": "https://registry.npmjs.org/escape-html/-/escape-html-1.0.3.tgz",
      "integrity": "sha512-NiSupZ4OeuGwr68lGIeym/ksIZMJodUGOSCZ/FSnTxcrekbvqrgdUxlJOMpijaKZVjAJrWrGs/6Jy8OMuyj9ow==",
      "license": "MIT"
    },
    "node_modules/event-target-shim": {
      "version": "5.0.1",
      "resolved": "https://registry.npmjs.org/event-target-shim/-/event-target-shim-5.0.1.tgz",
      "integrity": "sha512-i/2XbnSz/uxRCU6+NdVJgKWDTM427+MqYbkQzD321DuCQJUqOuJKIA0IM2+W2xtYHdKOmZ4dR6fExsd4SXL+WQ==",
      "license": "MIT",
      "engines": {
        "node": ">=6"
      }
    },
    "node_modules/events": {
      "version": "3.3.0",
      "resolved": "https://registry.npmjs.org/events/-/events-3.3.0.tgz",
      "integrity": "sha512-mQw+2fkQbALzQ7V0MY0IqdnXNOeTtP4r0lN9z7AAawCXgqea7bDii20AYrIBrFd/Hx0M2Ocz6S111CaFkUcb0Q==",
      "license": "MIT",
      "engines": {
        "node": ">=0.8.x"
      }
    },
    "node_modules/fsevents": {
      "version": "2.3.3",
      "resolved": "https://registry.npmjs.org/fsevents/-/fsevents-2.3.3.tgz",
      "integrity": "sha512-5xoDfX+fL7faATnagmWPpbFtwh/R77WmMMqqHGS65C3vvB0YHrgF+B1YmZ3441tMj5n63k0212XNoJwzlhffQw==",
      "hasInstallScript": true,
      "license": "MIT",
      "optional": true,
      "os": [
        "darwin"
      ],
      "engines": {
        "node": "^8.16.0 || ^10.6.0 || >=11.0.0"
      }
    },
    "node_modules/ieee754": {
      "version": "1.2.1",
      "resolved": "https://registry.npmjs.org/ieee754/-/ieee754-1.2.1.tgz",
      "integrity": "sha512-dcyqhDvX1C46lXZcVqCpK+FtMRQVdIMN6/Df5js2zouUsqG7I6sFxitIC+7KYK29KdXOLHdu9zL4sFnoVQnqaA==",
      "funding": [
        {
          "type": "github",
          "url": "https://github.com/sponsors/feross"
        },
        {
          "type": "patreon",
          "url": "https://www.patreon.com/feross"
        },
        {
          "type": "consulting",
          "url": "https://feross.org/support"
        }
      ],
      "license": "BSD-3-Clause"
    },
    "node_modules/jose": {
      "version": "5.10.0",
      "resolved": "https://registry.npmjs.org/jose/-/jose-5.10.0.tgz",
      "integrity": "sha512-s+3Al/p9g32Iq+oqXxkW//7jk2Vig6FF1CFqzVXoTUXt2qz89YWbL+OwS17NFYEvxC35n0FKeGO2LGYSxeM2Gg==",
      "license": "MIT",
      "funding": {
        "url": "https://github.com/sponsors/panva"
      }
    },
    "node_modules/jsonld": {
      "version": "9.0.0",
      "resolved": "https://registry.npmjs.org/jsonld/-/jsonld-9.0.0.tgz",
      "integrity": "sha512-pjMIdkXfC1T2wrX9B9i2uXhGdyCmgec3qgMht+TDj+S0qX3bjWMQUfL7NeqEhuRTi8G5ESzmL9uGlST7nzSEWg==",
      "license": "BSD-3-Clause",
      "dependencies": {
        "@digitalbazaar/http-client": "^4.2.0",
        "canonicalize": "^2.1.0",
        "lru-cache": "^6.0.0",
        "rdf-canonize": "^5.0.0"
      },
      "engines": {
        "node": ">=18"
      }
    },
    "node_modules/ky": {
      "version": "1.14.3",
      "resolved": "https://registry.npmjs.org/ky/-/ky-1.14.3.tgz",
      "integrity": "sha512-9zy9lkjac+TR1c2tG+mkNSVlyOpInnWdSMiue4F+kq8TwJSgv6o8jhLRg8Ho6SnZ9wOYUq/yozts9qQCfk7bIw==",
      "license": "MIT",
      "engines": {
        "node": ">=18"
      },
      "funding": {
        "url": "https://github.com/sindresorhus/ky?sponsor=1"
      }
    },
    "node_modules/lru-cache": {
      "version": "6.0.0",
      "resolved": "https://registry.npmjs.org/lru-cache/-/lru-cache-6.0.0.tgz",
      "integrity": "sha512-Jo6dJ04CmSjuznwJSS3pUeWmd/H0ffTlkXXgwZi+eq1UCmqQwCh+eLsYOYCwY991i2Fah4h1BEMCx4qThGbsiA==",
      "license": "ISC",
      "dependencies": {
        "yallist": "^4.0.0"
      },
      "engines": {
        "node": ">=10"
      }
    },
    "node_modules/mime-db": {
      "version": "1.54.0",
      "resolved": "https://registry.npmjs.org/mime-db/-/mime-db-1.54.0.tgz",
      "integrity": "sha512-aU5EJuIN2WDemCcAp2vFBfp/m4EAhWJnUNSSw0ixs7/kXbd6Pg64EmwJkNdFhB8aWt1sH2CTXrLxo/iAGV3oPQ==",
      "license": "MIT",
      "engines": {
        "node": ">= 0.6"
      }
    },
    "node_modules/mime-types": {
      "version": "3.0.2",
      "resolved": "https://registry.npmjs.org/mime-types/-/mime-types-3.0.2.tgz",
      "integrity": "sha512-Lbgzdk0h4juoQ9fCKXW4by0UJqj+nOOrI9MJ1sSj4nI8aI2eo1qmvQEie4VD1glsS250n15LsWsYtCugiStS5A==",
      "license": "MIT",
      "dependencies": {
        "mime-db": "^1.54.0"
      },
      "engines": {
        "node": ">=18"
      },
      "funding": {
        "type": "opencollective",
        "url": "https://opencollective.com/express"
      }
    },
    "node_modules/n3": {
      "version": "1.26.0",
      "resolved": "https://registry.npmjs.org/n3/-/n3-1.26.0.tgz",
      "integrity": "sha512-SQknS0ua90rN+3RHuk8BeIqeYyqIH/+ecViZxX08jR4j6MugqWRjtONl3uANG/crWXnOM2WIqBJtjIhVYFha+w==",
      "license": "MIT",
      "dependencies": {
        "buffer": "^6.0.3",
        "readable-stream": "^4.0.0"
      },
      "engines": {
        "node": ">=12.0"
      }
    },
    "node_modules/node-fetch": {
      "version": "2.7.0",
      "resolved": "https://registry.npmjs.org/node-fetch/-/node-fetch-2.7.0.tgz",
      "integrity": "sha512-c4FRfUm/dbcWZ7U+1Wq0AwCyFL+3nt2bEw05wfxSz+DWpWsitgmSgYmy2dQdWyKC1694ELPqMs/YzUSNozLt8A==",
      "license": "MIT",
      "dependencies": {
        "whatwg-url": "^5.0.0"
      },
      "engines": {
        "node": "4.x || >=6.0.0"
      },
      "peerDependencies": {
        "encoding": "^0.1.0"
      },
      "peerDependenciesMeta": {
        "encoding": {
          "optional": true
        }
      }
    },
    "node_modules/pane-registry": {
      "version": "3.0.1",
      "resolved": "https://registry.npmjs.org/pane-registry/-/pane-registry-3.0.1.tgz",
      "integrity": "sha512-kcAcMGMBL8NAipfErxv+UlqUn7vfkY0TPFl+NyCbOPuUqaVkhNp3G/NSPAvBM/p3MytAxbR0N9fEqfHL0312BQ==",
      "license": "MIT",
      "peerDependencies": {
        "rdflib": "^2.3.5",
        "solid-logic": "^4.0.2"
      }
    },
    "node_modules/process": {
      "version": "0.11.10",
      "resolved": "https://registry.npmjs.org/process/-/process-0.11.10.tgz",
      "integrity": "sha512-cdGef/drWFoydD1JsMzuFf8100nZl+GT+yacc2bEced5f9Rjk4z+WtFUTBu9PhOi9j/jfmBPu0mMEY4wIdAF8A==",
      "license": "MIT",
      "engines": {
        "node": ">= 0.6.0"
      }
    },
    "node_modules/randombytes": {
      "version": "2.1.0",
      "resolved": "https://registry.npmjs.org/randombytes/-/randombytes-2.1.0.tgz",
      "integrity": "sha512-vYl3iOX+4CKUWuxGi9Ukhie6fsqXqS9FE2Zaic4tNFD2N2QQaXOMFbuKK4QmDHC0JO6B1Zp41J0LpT0oR68amQ==",
      "license": "MIT",
      "dependencies": {
        "safe-buffer": "^5.1.0"
      }
    },
    "node_modules/rdf-canonize": {
      "version": "5.0.0",
      "resolved": "https://registry.npmjs.org/rdf-canonize/-/rdf-canonize-5.0.0.tgz",
      "integrity": "sha512-g8OUrgMXAR9ys/ZuJVfBr05sPPoMA7nHIVs8VEvg9QwM5W4GR2qSFEEHjsyHF1eWlBaf8Ev40WNjQFQ+nJTO3w==",
      "license": "BSD-3-Clause",
      "dependencies": {
        "setimmediate": "^1.0.5"
      },
      "engines": {
        "node": ">=18"
      }
    },
    "node_modules/rdflib": {
      "version": "2.3.5",
      "resolved": "https://registry.npmjs.org/rdflib/-/rdflib-2.3.5.tgz",
      "integrity": "sha512-dXW3GbHSKx3vctY3YUm7O/EVj4pNVueUgrm3GBsWjwrRkkFBu2+9Sd5zjhi/skbzhpQ9d45rO/2HGD8zi0oubw==",
      "license": "MIT",
      "dependencies": {
        "@babel/runtime": "^7.28.4",
        "@frogcat/ttl2jsonld": "^0.0.10",
        "@rdfjs/types": "^2.0.1",
        "@xmldom/xmldom": "^0.8.11",
        "cross-fetch": "^4.1.0",
        "jsonld": "^9.0.0",
        "n3": "^1.26.0",
        "solid-namespace": "^0.5.4"
      }
    },
    "node_modules/readable-stream": {
      "version": "4.7.0",
      "resolved": "https://registry.npmjs.org/readable-stream/-/readable-stream-4.7.0.tgz",
      "integrity": "sha512-oIGGmcpTLwPga8Bn6/Z75SVaH1z5dUut2ibSyAMVhmUggWpmDn2dapB0n7f8nwaSiRtepAsfJyfXIO5DCVAODg==",
      "license": "MIT",
      "dependencies": {
        "abort-controller": "^3.0.0",
        "buffer": "^6.0.3",
        "events": "^3.3.0",
        "process": "^0.11.10",
        "string_decoder": "^1.3.0"
      },
      "engines": {
        "node": "^12.22.0 || ^14.17.0 || >=16.0.0"
      }
    },
    "node_modules/safe-buffer": {
      "version": "5.2.1",
      "resolved": "https://registry.npmjs.org/safe-buffer/-/safe-buffer-5.2.1.tgz",
      "integrity": "sha512-rp3So07KcdmmKbGvgaNxQSJr7bGVSVk5S9Eq1F+ppbRo70+YeaDxkw5Dd8NPN+GD6bjnYm2VuPuCXmpuYvmCXQ==",
      "funding": [
        {
          "type": "github",
          "url": "https://github.com/sponsors/feross"
        },
        {
          "type": "patreon",
          "url": "https://www.patreon.com/feross"
        },
        {
          "type": "consulting",
          "url": "https://feross.org/support"
        }
      ],
      "license": "MIT"
    },
    "node_modules/serialize-javascript": {
      "version": "4.0.0",
      "resolved": "https://registry.npmjs.org/serialize-javascript/-/serialize-javascript-4.0.0.tgz",
      "integrity": "sha512-GaNA54380uFefWghODBWEGisLZFj00nS5ACs6yHa9nLqlLpVLO8ChDGeKRjZnV4Nh4n0Qi7nhYZD/9fCPzEqkw==",
      "license": "BSD-3-Clause",
      "dependencies": {
        "randombytes": "^2.1.0"
      }
    },
    "node_modules/setimmediate": {
      "version": "1.0.5",
      "resolved": "https://registry.npmjs.org/setimmediate/-/setimmediate-1.0.5.tgz",
      "integrity": "sha512-MATJdZp8sLqDl/68LfQmbP8zKPLQNV6BIZoIgrscFDQ+RsvK/BxeDQOgyxKKoh0y/8h3BqVFnCqQ/gd+reiIXA==",
      "license": "MIT"
    },
    "node_modules/solid-logic": {
      "version": "4.0.2",
      "resolved": "https://registry.npmjs.org/solid-logic/-/solid-logic-4.0.2.tgz",
      "integrity": "sha512-B87MiOkYEyIN0lVFbqzHh//qrjg+T4Tvo+McmsTXVSPLgctdQbxPOqjSlrRwVSsUgPdY+XlU61cJco4xdY/YZg==",
      "license": "MIT",
      "dependencies": {
        "@inrupt/solid-client-authn-browser": "^3.1.0",
        "solid-namespace": "^0.5.4"
      },
      "engines": {
        "node": ">=18"
      },
      "peerDependencies": {
        "rdflib": "^2.3.5"
      }
    },
    "node_modules/solid-namespace": {
      "version": "0.5.4",
      "resolved": "https://registry.npmjs.org/solid-namespace/-/solid-namespace-0.5.4.tgz",
      "integrity": "sha512-oPAv8xIg2MOLz069JRdvsSbYCpQN+umPJJ9LBFPzCrYuSw+dW4TMUOTDxTWS5xy+B3XN4+Fx3iIS5Jm8abm4Mg==",
      "license": "MIT"
    },
    "node_modules/solid-ui": {
      "version": "3.0.3",
      "resolved": "https://registry.npmjs.org/solid-ui/-/solid-ui-3.0.3.tgz",
      "integrity": "sha512-lH6JjF1WvpBMhsyEmF+gvHXLFumnzO6bZGpvMbkdnsmNoBD3GMi8/BElz7hPNiX6Fubgya/s/ZykQm1NmXRdnQ==",
      "license": "MIT",
      "dependencies": {
        "@noble/curves": "^2.0.1",
        "@noble/hashes": "^2.0.1",
        "escape-html": "^1.0.3",
        "mime-types": "^3.0.2",
        "pane-registry": "^3.0.1",
        "solid-namespace": "^0.5.4",
        "uuid": "^13.0.0"
      },
      "optionalDependencies": {
        "fsevents": "*"
      },
      "peerDependencies": {
        "rdflib": "^2.3.5",
        "solid-logic": "^4.0.2"
      }
    },
    "node_modules/solid-ui/node_modules/uuid": {
      "version": "13.0.0",
      "resolved": "https://registry.npmjs.org/uuid/-/uuid-13.0.0.tgz",
      "integrity": "sha512-XQegIaBTVUjSHliKqcnFqYypAd4S+WCYt5NIeRs6w/UAry7z8Y9j5ZwRRL4kzq9U3sD6v+85er9FvkEaBpji2w==",
      "funding": [
        "https://github.com/sponsors/broofa",
        "https://github.com/sponsors/ctavan"
      ],
      "license": "MIT",
      "bin": {
        "uuid": "dist-node/bin/uuid"
      }
    },
    "node_modules/string_decoder": {
      "version": "1.3.0",
      "resolved": "https://registry.npmjs.org/string_decoder/-/string_decoder-1.3.0.tgz",
      "integrity": "sha512-hkRX8U1WjJFd8LsDJ2yQ/wWWxaopEsABU1XfkM8A+j0+85JAGppt16cr1Whg6KIbb4okU6Mql6BOj+uup/wKeA==",
      "license": "MIT",
      "dependencies": {
        "safe-buffer": "~5.2.0"
      }
    },
    "node_modules/tr46": {
      "version": "0.0.3",
      "resolved": "https://registry.npmjs.org/tr46/-/tr46-0.0.3.tgz",
      "integrity": "sha512-N3WMsuqV66lT30CrXNbEjx4GEwlow3v6rr4mCcv6prnfwhS01rkgyFdjPNBYd9br7LpXV1+Emh01fHnq2Gdgrw==",
      "license": "MIT"
    },
    "node_modules/undici": {
      "version": "6.23.0",
      "resolved": "https://registry.npmjs.org/undici/-/undici-6.23.0.tgz",
      "integrity": "sha512-VfQPToRA5FZs/qJxLIinmU59u0r7LXqoJkCzinq3ckNJp3vKEh7jTWN589YQ5+aoAC/TGRLyJLCPKcLQbM8r9g==",
      "license": "MIT",
      "engines": {
        "node": ">=18.17"
      }
    },
    "node_modules/undici-types": {
      "version": "7.16.0",
      "resolved": "https://registry.npmjs.org/undici-types/-/undici-types-7.16.0.tgz",
      "integrity": "sha512-Zz+aZWSj8LE6zoxD+xrjh4VfkIG8Ya6LvYkZqtUQGJPZjYl53ypCaUwWqo7eI0x66KBGeRo+mlBEkMSeSZ38Nw==",
      "license": "MIT"
    },
    "node_modules/uuid": {
      "version": "11.1.0",
      "resolved": "https://registry.npmjs.org/uuid/-/uuid-11.1.0.tgz",
      "integrity": "sha512-0/A9rDy9P7cJ+8w1c9WD9V//9Wj15Ce2MPz8Ri6032usz+NfePxx5AcN3bN+r6ZL6jEo066/yNYB3tn4pQEx+A==",
      "funding": [
        "https://github.com/sponsors/broofa",
        "https://github.com/sponsors/ctavan"
      ],
      "license": "MIT",
      "bin": {
        "uuid": "dist/esm/bin/uuid"
      }
    },
    "node_modules/webidl-conversions": {
      "version": "3.0.1",
      "resolved": "https://registry.npmjs.org/webidl-conversions/-/webidl-conversions-3.0.1.tgz",
      "integrity": "sha512-2JAn3z8AR6rjK8Sm8orRC0h/bcl/DqL7tRPdGZ4I1CjdF+EaMLmYxBHyXuKL849eucPFhvBoxMsflfOb8kxaeQ==",
      "license": "BSD-2-Clause"
    },
    "node_modules/whatwg-url": {
      "version": "5.0.0",
      "resolved": "https://registry.npmjs.org/whatwg-url/-/whatwg-url-5.0.0.tgz",
      "integrity": "sha512-saE57nupxk6v3HY35+jzBwYa0rKSy0XR8JSxZPwgLr7ys0IBzhGviA1/TUGJLmSVqs8pb9AnvICXEuOHLprYTw==",
      "license": "MIT",
      "dependencies": {
        "tr46": "~0.0.3",
        "webidl-conversions": "^3.0.0"
      }
    },
    "node_modules/yallist": {
      "version": "4.0.0",
      "resolved": "https://registry.npmjs.org/yallist/-/yallist-4.0.0.tgz",
      "integrity": "sha512-3wdGidZyq5PB084XLES5TpOSRA3wjXAlIWMhum2kRcv/41Sn2emQ0dycQW4uZXLejwKvg6EsvbdlVL+FYEct7A==",
      "license": "ISC"
    }
  },
  "dependencies": {
    "@babel/runtime": {
      "version": "7.28.6",
      "resolved": "https://registry.npmjs.org/@babel/runtime/-/runtime-7.28.6.tgz",
      "integrity": "sha512-05WQkdpL9COIMz4LjTxGpPNCdlpyimKppYNoJ5Di5EUObifl8t4tuLuUBBZEpoLYOmfvIWrsp9fCl0HoPRVTdA=="
    },
    "@digitalbazaar/http-client": {
      "version": "4.3.0",
      "resolved": "https://registry.npmjs.org/@digitalbazaar/http-client/-/http-client-4.3.0.tgz",
      "integrity": "sha512-6lMpxpt9BOmqHKGs9Xm6DP4LlZTBFer/ZjHvP3FcW3IaUWYIWC7dw5RFZnvw4fP57kAVcm1dp3IF+Y50qhBvAw==",
      "requires": {
        "ky": "^1.14.2",
        "undici": "^6.23.0"
      }
    },
    "@frogcat/ttl2jsonld": {
      "version": "0.0.10",
      "resolved": "https://registry.npmjs.org/@frogcat/ttl2jsonld/-/ttl2jsonld-0.0.10.tgz",
      "integrity": "sha512-0NLM96V3ziZkkOlhixSZiXe8CzewECVNtSj04s2hW2e65SgzQPzM12VWSovuRIy+2UJA2Bjkf9405yrty9tgcg=="
    },
    "@inrupt/oidc-client": {
      "version": "1.11.6",
      "resolved": "https://registry.npmjs.org/@inrupt/oidc-client/-/oidc-client-1.11.6.tgz",
      "integrity": "sha512-1rCTk1T6pdm/7gKozutZutk7jwmYBADlnkGGoI5ypke099NOCa5KFXjkQpbjsps0PRkKZ+0EaR70XN5+xqmViA==",
      "requires": {
        "acorn": "^7.4.1",
        "base64-js": "^1.5.1",
        "core-js": "^3.8.3",
        "crypto-js": "^4.0.0",
        "serialize-javascript": "^4.0.0"
      }
    },
    "@inrupt/oidc-client-ext": {
      "version": "3.1.1",
      "resolved": "https://registry.npmjs.org/@inrupt/oidc-client-ext/-/oidc-client-ext-3.1.1.tgz",
      "integrity": "sha512-vftKD2u5nufZTFkdUDMS3Uxj5xNQwArP11OFaALFkq6/3RwCAhe3lwOv8hNzL7Scv98T+KbAErBM0TwGGrS69g==",
      "requires": {
        "@inrupt/oidc-client": "^1.11.6",
        "@inrupt/solid-client-authn-core": "^3.1.1",
        "jose": "^5.1.3",
        "uuid": "^11.1.0"
      }
    },
    "@inrupt/solid-client-authn-browser": {
      "version": "3.1.1",
      "resolved": "https://registry.npmjs.org/@inrupt/solid-client-authn-browser/-/solid-client-authn-browser-3.1.1.tgz",
      "integrity": "sha512-Wd7TREmvdhTp+Sk88ei3hlg54sG1fNqkkPkuS+2tDBkcsXaViRQAEugVyh5pWRkd1xSFKrEzftb7UYEG4mJ0CQ==",
      "requires": {
        "@inrupt/oidc-client-ext": "^3.1.1",
        "@inrupt/solid-client-authn-core": "^3.1.1",
        "events": "^3.3.0",
        "jose": "^5.1.3",
        "uuid": "^11.1.0"
      }
    },
    "@inrupt/solid-client-authn-core": {
      "version": "3.1.1",
      "resolved": "https://registry.npmjs.org/@inrupt/solid-client-authn-core/-/solid-client-authn-core-3.1.1.tgz",
      "integrity": "sha512-1oDSQCh/pVtPlTyvLQ2uwHo+hpLJF7izg82tjB+Ge8jqGYwkQyId0BrfncpCk//uJXxgRIcfAQp2MhXYbZo80Q==",
      "requires": {
        "events": "^3.3.0",
        "jose": "^5.1.3",
        "uuid": "^11.1.0"
      }
    },
    "@noble/curves": {
      "version": "2.0.1",
      "resolved": "https://registry.npmjs.org/@noble/curves/-/curves-2.0.1.tgz",
      "integrity": "sha512-vs1Az2OOTBiP4q0pwjW5aF0xp9n4MxVrmkFBxc6EKZc6ddYx5gaZiAsZoq0uRRXWbi3AT/sBqn05eRPtn1JCPw==",
      "requires": {
        "@noble/hashes": "2.0.1"
      }
    },
    "@noble/hashes": {
      "version": "2.0.1",
      "resolved": "https://registry.npmjs.org/@noble/hashes/-/hashes-2.0.1.tgz",
      "integrity": "sha512-XlOlEbQcE9fmuXxrVTXCTlG2nlRXa9Rj3rr5Ue/+tX+nmkgbX720YHh0VR3hBF9xDvwnb8D2shVGOwNx+ulArw=="
    },
    "@rdfjs/types": {
      "version": "2.0.1",
      "resolved": "https://registry.npmjs.org/@rdfjs/types/-/types-2.0.1.tgz",
      "integrity": "sha512-uyAzpugX7KekAXAHq26m3JlUIZJOC0uSBhpnefGV5i15bevDyyejoB7I+9MKeUrzXD8OOUI3+4FeV1wwQr5ihA==",
      "requires": {
        "@types/node": "*"
      }
    },
    "@types/node": {
      "version": "25.0.10",
      "resolved": "https://registry.npmjs.org/@types/node/-/node-25.0.10.tgz",
      "integrity": "sha512-zWW5KPngR/yvakJgGOmZ5vTBemDoSqF3AcV/LrO5u5wTWyEAVVh+IT39G4gtyAkh3CtTZs8aX/yRM82OfzHJRg==",
      "requires": {
        "undici-types": "~7.16.0"
      }
    },
    "@xmldom/xmldom": {
      "version": "0.8.11",
      "resolved": "https://registry.npmjs.org/@xmldom/xmldom/-/xmldom-0.8.11.tgz",
      "integrity": "sha512-cQzWCtO6C8TQiYl1ruKNn2U6Ao4o4WBBcbL61yJl84x+j5sOWWFU9X7DpND8XZG3daDppSsigMdfAIl2upQBRw=="
    },
    "abort-controller": {
      "version": "3.0.0",
      "resolved": "https://registry.npmjs.org/abort-controller/-/abort-controller-3.0.0.tgz",
      "integrity": "sha512-h8lQ8tacZYnR3vNQTgibj+tODHI5/+l06Au2Pcriv/Gmet0eaj4TwWH41sO9wnHDiQsEj19q0drzdWdeAHtweg==",
      "requires": {
        "event-target-shim": "^5.0.0"
      }
    },
    "acorn": {
      "version": "7.4.1",
      "resolved": "https://registry.npmjs.org/acorn/-/acorn-7.4.1.tgz",
      "integrity": "sha512-nQyp0o1/mNdbTO1PO6kHkwSrmgZ0MT/jCCpNiwbUjGoRN4dlBhqJtoQuCnEOKzgTVwg0ZWiCoQy6SxMebQVh8A=="
    },
    "base64-js": {
      "version": "1.5.1",
      "resolved": "https://registry.npmjs.org/base64-js/-/base64-js-1.5.1.tgz",
      "integrity": "sha512-AKpaYlHn8t4SVbOHCy+b5+KKgvR4vrsD8vbvrbiQJps7fKDTkjkDry6ji0rUJjC0kzbNePLwzxq8iypo41qeWA=="
    },
    "buffer": {
      "version": "6.0.3",
      "resolved": "https://registry.npmjs.org/buffer/-/buffer-6.0.3.tgz",
      "integrity": "sha512-FTiCpNxtwiZZHEZbcbTIcZjERVICn9yq/pDFkTl95/AxzD1naBctN7YO68riM/gLSDY7sdrMby8hofADYuuqOA==",
      "requires": {
        "base64-js": "^1.3.1",
        "ieee754": "^1.2.1"
      }
    },
    "canonicalize": {
      "version": "2.1.0",
      "resolved": "https://registry.npmjs.org/canonicalize/-/canonicalize-2.1.0.tgz",
      "integrity": "sha512-F705O3xrsUtgt98j7leetNhTWPe+5S72rlL5O4jA1pKqBVQ/dT1O1D6PFxmSXvc0SUOinWS57DKx0I3CHrXJHQ=="
    },
    "core-js": {
      "version": "3.48.0",
      "resolved": "https://registry.npmjs.org/core-js/-/core-js-3.48.0.tgz",
      "integrity": "sha512-zpEHTy1fjTMZCKLHUZoVeylt9XrzaIN2rbPXEt0k+q7JE5CkCZdo6bNq55bn24a69CH7ErAVLKijxJja4fw+UQ=="
    },
    "cross-fetch": {
      "version": "4.1.0",
      "resolved": "https://registry.npmjs.org/cross-fetch/-/cross-fetch-4.1.0.tgz",
      "integrity": "sha512-uKm5PU+MHTootlWEY+mZ4vvXoCn4fLQxT9dSc1sXVMSFkINTJVN8cAQROpwcKm8bJ/c7rgZVIBWzH5T78sNZZw==",
      "requires": {
        "node-fetch": "^2.7.0"
      }
    },
    "crypto-js": {
      "version": "4.2.0",
      "resolved": "https://registry.npmjs.org/crypto-js/-/crypto-js-4.2.0.tgz",
      "integrity": "sha512-KALDyEYgpY+Rlob/iriUtjV6d5Eq+Y191A5g4UqLAi8CyGP9N1+FdVbkc1SxKc2r4YAYqG8JzO2KGL+AizD70Q=="
    },
    "escape-html": {
      "version": "1.0.3",
      "resolved": "https://registry.npmjs.org/escape-html/-/escape-html-1.0.3.tgz",
      "integrity": "sha512-NiSupZ4OeuGwr68lGIeym/ksIZMJodUGOSCZ/FSnTxcrekbvqrgdUxlJOMpijaKZVjAJrWrGs/6Jy8OMuyj9ow=="
    },
    "event-target-shim": {
      "version": "5.0.1",
      "resolved": "https://registry.npmjs.org/event-target-shim/-/event-target-shim-5.0.1.tgz",
      "integrity": "sha512-i/2XbnSz/uxRCU6+NdVJgKWDTM427+MqYbkQzD321DuCQJUqOuJKIA0IM2+W2xtYHdKOmZ4dR6fExsd4SXL+WQ=="
    },
    "events": {
      "version": "3.3.0",
      "resolved": "https://registry.npmjs.org/events/-/events-3.3.0.tgz",
      "integrity": "sha512-mQw+2fkQbALzQ7V0MY0IqdnXNOeTtP4r0lN9z7AAawCXgqea7bDii20AYrIBrFd/Hx0M2Ocz6S111CaFkUcb0Q=="
    },
    "fsevents": {
      "version": "2.3.3",
      "resolved": "https://registry.npmjs.org/fsevents/-/fsevents-2.3.3.tgz",
      "integrity": "sha512-5xoDfX+fL7faATnagmWPpbFtwh/R77WmMMqqHGS65C3vvB0YHrgF+B1YmZ3441tMj5n63k0212XNoJwzlhffQw==",
      "optional": true
    },
    "ieee754": {
      "version": "1.2.1",
      "resolved": "https://registry.npmjs.org/ieee754/-/ieee754-1.2.1.tgz",
      "integrity": "sha512-dcyqhDvX1C46lXZcVqCpK+FtMRQVdIMN6/Df5js2zouUsqG7I6sFxitIC+7KYK29KdXOLHdu9zL4sFnoVQnqaA=="
    },
    "jose": {
      "version": "5.10.0",
      "resolved": "https://registry.npmjs.org/jose/-/jose-5.10.0.tgz",
      "integrity": "sha512-s+3Al/p9g32Iq+oqXxkW//7jk2Vig6FF1CFqzVXoTUXt2qz89YWbL+OwS17NFYEvxC35n0FKeGO2LGYSxeM2Gg=="
    },
    "jsonld": {
      "version": "9.0.0",
      "resolved": "https://registry.npmjs.org/jsonld/-/jsonld-9.0.0.tgz",
      "integrity": "sha512-pjMIdkXfC1T2wrX9B9i2uXhGdyCmgec3qgMht+TDj+S0qX3bjWMQUfL7NeqEhuRTi8G5ESzmL9uGlST7nzSEWg==",
      "requires": {
        "@digitalbazaar/http-client": "^4.2.0",
        "canonicalize": "^2.1.0",
        "lru-cache": "^6.0.0",
        "rdf-canonize": "^5.0.0"
      }
    },
    "ky": {
      "version": "1.14.3",
      "resolved": "https://registry.npmjs.org/ky/-/ky-1.14.3.tgz",
      "integrity": "sha512-9zy9lkjac+TR1c2tG+mkNSVlyOpInnWdSMiue4F+kq8TwJSgv6o8jhLRg8Ho6SnZ9wOYUq/yozts9qQCfk7bIw=="
    },
    "lru-cache": {
      "version": "6.0.0",
      "resolved": "https://registry.npmjs.org/lru-cache/-/lru-cache-6.0.0.tgz",
      "integrity": "sha512-Jo6dJ04CmSjuznwJSS3pUeWmd/H0ffTlkXXgwZi+eq1UCmqQwCh+eLsYOYCwY991i2Fah4h1BEMCx4qThGbsiA==",
      "requires": {
        "yallist": "^4.0.0"
      }
    },
    "mime-db": {
      "version": "1.54.0",
      "resolved": "https://registry.npmjs.org/mime-db/-/mime-db-1.54.0.tgz",
      "integrity": "sha512-aU5EJuIN2WDemCcAp2vFBfp/m4EAhWJnUNSSw0ixs7/kXbd6Pg64EmwJkNdFhB8aWt1sH2CTXrLxo/iAGV3oPQ=="
    },
    "mime-types": {
      "version": "3.0.2",
      "resolved": "https://registry.npmjs.org/mime-types/-/mime-types-3.0.2.tgz",
      "integrity": "sha512-Lbgzdk0h4juoQ9fCKXW4by0UJqj+nOOrI9MJ1sSj4nI8aI2eo1qmvQEie4VD1glsS250n15LsWsYtCugiStS5A==",
      "requires": {
        "mime-db": "^1.54.0"
      }
    },
    "n3": {
      "version": "1.26.0",
      "resolved": "https://registry.npmjs.org/n3/-/n3-1.26.0.tgz",
      "integrity": "sha512-SQknS0ua90rN+3RHuk8BeIqeYyqIH/+ecViZxX08jR4j6MugqWRjtONl3uANG/crWXnOM2WIqBJtjIhVYFha+w==",
      "requires": {
        "buffer": "^6.0.3",
        "readable-stream": "^4.0.0"
      }
    },
    "node-fetch": {
      "version": "2.7.0",
      "resolved": "https://registry.npmjs.org/node-fetch/-/node-fetch-2.7.0.tgz",
      "integrity": "sha512-c4FRfUm/dbcWZ7U+1Wq0AwCyFL+3nt2bEw05wfxSz+DWpWsitgmSgYmy2dQdWyKC1694ELPqMs/YzUSNozLt8A==",
      "requires": {
        "whatwg-url": "^5.0.0"
      }
    },
    "pane-registry": {
      "version": "3.0.1",
      "resolved": "https://registry.npmjs.org/pane-registry/-/pane-registry-3.0.1.tgz",
      "integrity": "sha512-kcAcMGMBL8NAipfErxv+UlqUn7vfkY0TPFl+NyCbOPuUqaVkhNp3G/NSPAvBM/p3MytAxbR0N9fEqfHL0312BQ==",
      "requires": {}
    },
    "process": {
      "version": "0.11.10",
      "resolved": "https://registry.npmjs.org/process/-/process-0.11.10.tgz",
      "integrity": "sha512-cdGef/drWFoydD1JsMzuFf8100nZl+GT+yacc2bEced5f9Rjk4z+WtFUTBu9PhOi9j/jfmBPu0mMEY4wIdAF8A=="
    },
    "randombytes": {
      "version": "2.1.0",
      "resolved": "https://registry.npmjs.org/randombytes/-/randombytes-2.1.0.tgz",
      "integrity": "sha512-vYl3iOX+4CKUWuxGi9Ukhie6fsqXqS9FE2Zaic4tNFD2N2QQaXOMFbuKK4QmDHC0JO6B1Zp41J0LpT0oR68amQ==",
      "requires": {
        "safe-buffer": "^5.1.0"
      }
    },
    "rdf-canonize": {
      "version": "5.0.0",
      "resolved": "https://registry.npmjs.org/rdf-canonize/-/rdf-canonize-5.0.0.tgz",
      "integrity": "sha512-g8OUrgMXAR9ys/ZuJVfBr05sPPoMA7nHIVs8VEvg9QwM5W4GR2qSFEEHjsyHF1eWlBaf8Ev40WNjQFQ+nJTO3w==",
      "requires": {
        "setimmediate": "^1.0.5"
      }
    },
    "rdflib": {
      "version": "2.3.5",
      "resolved": "https://registry.npmjs.org/rdflib/-/rdflib-2.3.5.tgz",
      "integrity": "sha512-dXW3GbHSKx3vctY3YUm7O/EVj4pNVueUgrm3GBsWjwrRkkFBu2+9Sd5zjhi/skbzhpQ9d45rO/2HGD8zi0oubw==",
      "requires": {
        "@babel/runtime": "^7.28.4",
        "@frogcat/ttl2jsonld": "^0.0.10",
        "@rdfjs/types": "^2.0.1",
        "@xmldom/xmldom": "^0.8.11",
        "cross-fetch": "^4.1.0",
        "jsonld": "^9.0.0",
        "n3": "^1.26.0",
        "solid-namespace": "^0.5.4"
      }
    },
    "readable-stream": {
      "version": "4.7.0",
      "resolved": "https://registry.npmjs.org/readable-stream/-/readable-stream-4.7.0.tgz",
      "integrity": "sha512-oIGGmcpTLwPga8Bn6/Z75SVaH1z5dUut2ibSyAMVhmUggWpmDn2dapB0n7f8nwaSiRtepAsfJyfXIO5DCVAODg==",
      "requires": {
        "abort-controller": "^3.0.0",
        "buffer": "^6.0.3",
        "events": "^3.3.0",
        "process": "^0.11.10",
        "string_decoder": "^1.3.0"
      }
    },
    "safe-buffer": {
      "version": "5.2.1",
      "resolved": "https://registry.npmjs.org/safe-buffer/-/safe-buffer-5.2.1.tgz",
      "integrity": "sha512-rp3So07KcdmmKbGvgaNxQSJr7bGVSVk5S9Eq1F+ppbRo70+YeaDxkw5Dd8NPN+GD6bjnYm2VuPuCXmpuYvmCXQ=="
    },
    "serialize-javascript": {
      "version": "4.0.0",
      "resolved": "https://registry.npmjs.org/serialize-javascript/-/serialize-javascript-4.0.0.tgz",
      "integrity": "sha512-GaNA54380uFefWghODBWEGisLZFj00nS5ACs6yHa9nLqlLpVLO8ChDGeKRjZnV4Nh4n0Qi7nhYZD/9fCPzEqkw==",
      "requires": {
        "randombytes": "^2.1.0"
      }
    },
    "setimmediate": {
      "version": "1.0.5",
      "resolved": "https://registry.npmjs.org/setimmediate/-/setimmediate-1.0.5.tgz",
      "integrity": "sha512-MATJdZp8sLqDl/68LfQmbP8zKPLQNV6BIZoIgrscFDQ+RsvK/BxeDQOgyxKKoh0y/8h3BqVFnCqQ/gd+reiIXA=="
    },
    "solid-logic": {
      "version": "4.0.2",
      "resolved": "https://registry.npmjs.org/solid-logic/-/solid-logic-4.0.2.tgz",
      "integrity": "sha512-B87MiOkYEyIN0lVFbqzHh//qrjg+T4Tvo+McmsTXVSPLgctdQbxPOqjSlrRwVSsUgPdY+XlU61cJco4xdY/YZg==",
      "requires": {
        "@inrupt/solid-client-authn-browser": "^3.1.0",
        "solid-namespace": "^0.5.4"
      }
    },
    "solid-namespace": {
      "version": "0.5.4",
      "resolved": "https://registry.npmjs.org/solid-namespace/-/solid-namespace-0.5.4.tgz",
      "integrity": "sha512-oPAv8xIg2MOLz069JRdvsSbYCpQN+umPJJ9LBFPzCrYuSw+dW4TMUOTDxTWS5xy+B3XN4+Fx3iIS5Jm8abm4Mg=="
    },
    "solid-ui": {
      "version": "3.0.3",
      "resolved": "https://registry.npmjs.org/solid-ui/-/solid-ui-3.0.3.tgz",
      "integrity": "sha512-lH6JjF1WvpBMhsyEmF+gvHXLFumnzO6bZGpvMbkdnsmNoBD3GMi8/BElz7hPNiX6Fubgya/s/ZykQm1NmXRdnQ==",
      "requires": {
        "@noble/curves": "^2.0.1",
        "@noble/hashes": "^2.0.1",
        "escape-html": "^1.0.3",
        "fsevents": "*",
        "mime-types": "^3.0.2",
        "pane-registry": "^3.0.1",
        "solid-namespace": "^0.5.4",
        "uuid": "^13.0.0"
      },
      "dependencies": {
        "uuid": {
          "version": "13.0.0",
          "resolved": "https://registry.npmjs.org/uuid/-/uuid-13.0.0.tgz",
          "integrity": "sha512-XQegIaBTVUjSHliKqcnFqYypAd4S+WCYt5NIeRs6w/UAry7z8Y9j5ZwRRL4kzq9U3sD6v+85er9FvkEaBpji2w=="
        }
      }
    },
    "string_decoder": {
      "version": "1.3.0",
      "resolved": "https://registry.npmjs.org/string_decoder/-/string_decoder-1.3.0.tgz",
      "integrity": "sha512-hkRX8U1WjJFd8LsDJ2yQ/wWWxaopEsABU1XfkM8A+j0+85JAGppt16cr1Whg6KIbb4okU6Mql6BOj+uup/wKeA==",
      "requires": {
        "safe-buffer": "~5.2.0"
      }
    },
    "tr46": {
      "version": "0.0.3",
      "resolved": "https://registry.npmjs.org/tr46/-/tr46-0.0.3.tgz",
      "integrity": "sha512-N3WMsuqV66lT30CrXNbEjx4GEwlow3v6rr4mCcv6prnfwhS01rkgyFdjPNBYd9br7LpXV1+Emh01fHnq2Gdgrw=="
    },
    "undici": {
      "version": "6.23.0",
      "resolved": "https://registry.npmjs.org/undici/-/undici-6.23.0.tgz",
      "integrity": "sha512-VfQPToRA5FZs/qJxLIinmU59u0r7LXqoJkCzinq3ckNJp3vKEh7jTWN589YQ5+aoAC/TGRLyJLCPKcLQbM8r9g=="
    },
    "undici-types": {
      "version": "7.16.0",
      "resolved": "https://registry.npmjs.org/undici-types/-/undici-types-7.16.0.tgz",
      "integrity": "sha512-Zz+aZWSj8LE6zoxD+xrjh4VfkIG8Ya6LvYkZqtUQGJPZjYl53ypCaUwWqo7eI0x66KBGeRo+mlBEkMSeSZ38Nw=="
    },
    "uuid": {
      "version": "11.1.0",
      "resolved": "https://registry.npmjs.org/uuid/-/uuid-11.1.0.tgz",
      "integrity": "sha512-0/A9rDy9P7cJ+8w1c9WD9V//9Wj15Ce2MPz8Ri6032usz+NfePxx5AcN3bN+r6ZL6jEo066/yNYB3tn4pQEx+A=="
    },
    "webidl-conversions": {
      "version": "3.0.1",
      "resolved": "https://registry.npmjs.org/webidl-conversions/-/webidl-conversions-3.0.1.tgz",
      "integrity": "sha512-2JAn3z8AR6rjK8Sm8orRC0h/bcl/DqL7tRPdGZ4I1CjdF+EaMLmYxBHyXuKL849eucPFhvBoxMsflfOb8kxaeQ=="
    },
    "whatwg-url": {
      "version": "5.0.0",
      "resolved": "https://registry.npmjs.org/whatwg-url/-/whatwg-url-5.0.0.tgz",
      "integrity": "sha512-saE57nupxk6v3HY35+jzBwYa0rKSy0XR8JSxZPwgLr7ys0IBzhGviA1/TUGJLmSVqs8pb9AnvICXEuOHLprYTw==",
      "requires": {
        "tr46": "~0.0.3",
        "webidl-conversions": "^3.0.0"
      }
    },
    "yallist": {
      "version": "4.0.0",
      "resolved": "https://registry.npmjs.org/yallist/-/yallist-4.0.0.tgz",
      "integrity": "sha512-3wdGidZyq5PB084XLES5TpOSRA3wjXAlIWMhum2kRcv/41Sn2emQ0dycQW4uZXLejwKvg6EsvbdlVL+FYEct7A=="
    }
  }
}
